
Microsoft Visual Studio Solution File, Format Version 12.00
# Visual Studio Version 16
VisualStudioVersion = 16.0.31129.286
MinimumVisualStudioVersion = 10.0.40219.1
Project("{FAE04EC0-301F-11D3-BF4B-00C04F79EFBC}") = "Pricing", "Pricing\Pricing.csproj", "{746D3647-E9B6-491D-ABA3-91D4BC41072F}"
EndProject
Global
	GlobalSection(SolutionConfigurationPlatforms) = preSolution
		Debug|Any CPU = Debug|Any CPU
		Release|Any CPU = Release|Any CPU
	EndGlobalSection
	GlobalSection(ProjectConfigurationPlatforms) = postSolution
		{746D3647-E9B6-491D-ABA3-91D4BC41072F}.Debug|Any CPU.ActiveCfg = Debug|Any CPU
		{746D3647-E9B6-491D-ABA3-91D4BC41072F}.Debug|Any CPU.Build.0 = Debug|Any CPU
		{746D3647-E9B6-491D-ABA3-91D4BC41072F}.Release|Any CPU.ActiveCfg = Release|Any CPU
		{746D3647-E9B6-491D-ABA3-91D4BC41072F}.Release|Any CPU.Build.0 = Release|Any CPU
	EndGlobalSection
	GlobalSection(SolutionProperties) = preSolution
		HideSolutionNode = FALSE
	EndGlobalSection
	GlobalSection(ExtensibilityGlobals) = postSolution
		SolutionGuid = {66F912BE-47AA-401A-8E0E-2B86698FBA6D}
	EndGlobalSection
EndGlobal
